
Microsoft Visual Studio Solution File, Format Version 12.00
# Visual Studio Version 17
VisualStudioVersion = 17.11.35312.102
MinimumVisualStudioVersion = 10.0.40219.1
Project("{FAE04EC0-301F-11D3-BF4B-00C04F79EFBC}") = "Intranet02", "Intranet02\Intranet02.csproj", "{ACB674A5-A0FB-43AC-81A0-B0532FCD240C}"
EndProject
Global
	GlobalSection(SolutionConfigurationPlatforms) = preSolution
		Debug|Any CPU = Debug|Any CPU
		Release|Any CPU = Release|Any CPU
	EndGlobalSection
	GlobalSection(ProjectConfigurationPlatforms) = postSolution
		{ACB674A5-A0FB-43AC-81A0-B0532FCD240C}.Debug|Any CPU.ActiveCfg = Debug|Any CPU
		{ACB674A5-A0FB-43AC-81A0-B0532FCD240C}.Debug|Any CPU.Build.0 = Debug|Any CPU
		{ACB674A5-A0FB-43AC-81A0-B0532FCD240C}.Release|Any CPU.ActiveCfg = Release|Any CPU
		{ACB674A5-A0FB-43AC-81A0-B0532FCD240C}.Release|Any CPU.Build.0 = Release|Any CPU
	EndGlobalSection
	GlobalSection(SolutionProperties) = preSolution
		HideSolutionNode = FALSE
	EndGlobalSection
	GlobalSection(ExtensibilityGlobals) = postSolution
		SolutionGuid = {C67F1E89-AE4C-4713-A5AE-E22801CB3C7A}
	EndGlobalSection
EndGlobal
